
Microsoft Visual Studio Solution File, Format Version 12.00
# Visual Studio Version 17
VisualStudioVersion = 17.9.34728.123
MinimumVisualStudioVersion = 10.0.40219.1
Project("{9A19103F-16F7-4668-BE54-9A1E7A4F7556}") = "DeanFly", "DeanFly.csproj", "{16E3EC76-2B2B-4178-A8D8-1C151ED5ECD8}"
EndProject
Global
	GlobalSection(SolutionConfigurationPlatforms) = preSolution
		Debug|Any CPU = Debug|Any CPU
		Release|Any CPU = Release|Any CPU
	EndGlobalSection
	GlobalSection(ProjectConfigurationPlatforms) = postSolution
		{16E3EC76-2B2B-4178-A8D8-1C151ED5ECD8}.Debug|Any CPU.ActiveCfg = Debug|Any CPU
		{16E3EC76-2B2B-4178-A8D8-1C151ED5ECD8}.Debug|Any CPU.Build.0 = Debug|Any CPU
		{16E3EC76-2B2B-4178-A8D8-1C151ED5ECD8}.Release|Any CPU.ActiveCfg = Release|Any CPU
		{16E3EC76-2B2B-4178-A8D8-1C151ED5ECD8}.Release|Any CPU.Build.0 = Release|Any CPU
	EndGlobalSection
	GlobalSection(SolutionProperties) = preSolution
		HideSolutionNode = FALSE
	EndGlobalSection
	GlobalSection(ExtensibilityGlobals) = postSolution
		SolutionGuid = {0B71F5F0-C207-4D0B-8967-DA5E26912A98}
	EndGlobalSection
EndGlobal
